
Microsoft Visual Studio Solution File, Format Version 12.00
# Visual Studio Version 17
VisualStudioVersion = 17.14.36804.6 d17.14
MinimumVisualStudioVersion = 10.0.40219.1
Project("{8BC9CEB8-8B4A-11D0-8D11-00A0C91BC942}") = "LabaIT-VisualStudio", "LabaIT-VisualStudio.vcxproj", "{AC36896B-4473-4C70-9432-BC8BA867EFF1}"
EndProject
Global
	GlobalSection(SolutionConfigurationPlatforms) = preSolution
		Debug|x64 = Debug|x64
		Debug|x86 = Debug|x86
		Release|x64 = Release|x64
		Release|x86 = Release|x86
	EndGlobalSection
	GlobalSection(ProjectConfigurationPlatforms) = postSolution
		{AC36896B-4473-4C70-9432-BC8BA867EFF1}.Debug|x64.ActiveCfg = Debug|x64
		{AC36896B-4473-4C70-9432-BC8BA867EFF1}.Debug|x64.Build.0 = Debug|x64
		{AC36896B-4473-4C70-9432-BC8BA867EFF1}.Debug|x86.ActiveCfg = Debug|Win32
		{AC36896B-4473-4C70-9432-BC8BA867EFF1}.Debug|x86.Build.0 = Debug|Win32
		{AC36896B-4473-4C70-9432-BC8BA867EFF1}.Release|x64.ActiveCfg = Release|x64
		{AC36896B-4473-4C70-9432-BC8BA867EFF1}.Release|x64.Build.0 = Release|x64
		{AC36896B-4473-4C70-9432-BC8BA867EFF1}.Release|x86.ActiveCfg = Release|Win32
		{AC36896B-4473-4C70-9432-BC8BA867EFF1}.Release|x86.Build.0 = Release|Win32
	EndGlobalSection
	GlobalSection(SolutionProperties) = preSolution
		HideSolutionNode = FALSE
	EndGlobalSection
	GlobalSection(ExtensibilityGlobals) = postSolution
		SolutionGuid = {FF4FD52F-785C-4668-9F3D-1E016DC74528}
	EndGlobalSection
EndGlobal
